<?xml version="1.0" encoding="utf-8"?>
<Project ToolsVersion="4.0" xmlns="http://schemas.microsoft.com/developer/msbuild/2003">
  <ItemGroup>
    <Filter Include="Shaders">
      <UniqueIdentifier>{e8372b21-7363-4474-bd59-c3b601799234}</UniqueIdentifier>
    </Filter>
  </ItemGroup>
  <ItemGroup>
    <ClCompile Include="DX11_Triangle.cpp" />
    <ClCompile Include="main.cpp" />
  </ItemGroup>
  <ItemGroup>
    <ClInclude Include="DX11_Triangle.h" />
  </ItemGroup>
  <ItemGroup>
    <CopyFileToFolders Include="Shaders\triangle.ps.hlsl" />
    <CopyFileToFolders Include="Shaders\triangle.vs.hlsl" />
  </ItemGroup>
</Project>