<?xml version="1.0" encoding="utf-8"?>
<Project ToolsVersion="4.0" xmlns="http://schemas.microsoft.com/developer/msbuild/2003">
  <ItemGroup>
    <Filter Include="Shaders">
      <UniqueIdentifier>{c6b88f62-4c54-40f4-baaf-69d9cb6a9669}</UniqueIdentifier>
    </Filter>
  </ItemGroup>
  <ItemGroup>
    <ClCompile Include="DX12_Triangle.cpp" />
    <ClCompile Include="main.cpp" />
  </ItemGroup>
  <ItemGroup>
    <ClInclude Include="DX12_Triangle.h" />
  </ItemGroup>
  <ItemGroup>
    <CopyFileToFolders Include="Shaders\triangle.ps.hlsl" />
    <CopyFileToFolders Include="Shaders\triangle.vs.hlsl" />
  </ItemGroup>
</Project>